
Microsoft Visual Studio Solution File, Format Version 12.00
# Visual Studio Version 17
VisualStudioVersion = 17.0.31903.59
MinimumVisualStudioVersion = 10.0.40219.1
Project("{9A19103F-16F7-4668-BE54-9A1E7A4F7556}") = "sk-phi2-localserver-lmstudio", "sk-phi2-localserver-lmstudio\sk-phi2-localserver-lmstudio.csproj", "{B03C7CC5-9BE6-4D72-A7C0-A6375A3B09F6}"
EndProject
Project("{9A19103F-16F7-4668-BE54-9A1E7A4F7556}") = "sk-ollama-localserver-ubuntu", "sk-ollama-localserver-ubuntu\sk-ollama-localserver-ubuntu.csproj", "{80253A50-6AEA-428C-A936-30FB6AC24D7D}"
EndProject
Project("{9A19103F-16F7-4668-BE54-9A1E7A4F7556}") = "sk-customllm", "sk-customllm\sk-customllm.csproj", "{29F02940-CAA3-4DF1-9DA2-7EA71A443AE8}"
EndProject
Project("{9A19103F-16F7-4668-BE54-9A1E7A4F7556}") = "sk-ollama-localserver-rpi", "sk-ollama-localserver-rpi\sk-ollama-localserver-rpi.csproj", "{7757F5B5-4980-4423-BF94-3994F03F2C9B}"
EndProject
Project("{9A19103F-16F7-4668-BE54-9A1E7A4F7556}") = "sk-ollamacsharp", "sk-ollamacsharp\sk-ollamacsharp.csproj", "{647242A7-82DE-47C3-8004-892D4A0EBF16}"
EndProject
Project("{FAE04EC0-301F-11D3-BF4B-00C04F79EFBC}") = "sk-customLLM-customHttpClient", "sk-customLLM-customHttpClient\sk-customLLM-customHttpClient.csproj", "{8736397C-11D2-4486-8DDB-41138154305E}"
EndProject
Global
	GlobalSection(SolutionConfigurationPlatforms) = preSolution
		Debug|Any CPU = Debug|Any CPU
		Release|Any CPU = Release|Any CPU
	EndGlobalSection
	GlobalSection(ProjectConfigurationPlatforms) = postSolution
		{B03C7CC5-9BE6-4D72-A7C0-A6375A3B09F6}.Debug|Any CPU.ActiveCfg = Debug|Any CPU
		{B03C7CC5-9BE6-4D72-A7C0-A6375A3B09F6}.Debug|Any CPU.Build.0 = Debug|Any CPU
		{B03C7CC5-9BE6-4D72-A7C0-A6375A3B09F6}.Release|Any CPU.ActiveCfg = Release|Any CPU
		{B03C7CC5-9BE6-4D72-A7C0-A6375A3B09F6}.Release|Any CPU.Build.0 = Release|Any CPU
		{80253A50-6AEA-428C-A936-30FB6AC24D7D}.Debug|Any CPU.ActiveCfg = Debug|Any CPU
		{80253A50-6AEA-428C-A936-30FB6AC24D7D}.Debug|Any CPU.Build.0 = Debug|Any CPU
		{80253A50-6AEA-428C-A936-30FB6AC24D7D}.Release|Any CPU.ActiveCfg = Release|Any CPU
		{80253A50-6AEA-428C-A936-30FB6AC24D7D}.Release|Any CPU.Build.0 = Release|Any CPU
		{29F02940-CAA3-4DF1-9DA2-7EA71A443AE8}.Debug|Any CPU.ActiveCfg = Debug|Any CPU
		{29F02940-CAA3-4DF1-9DA2-7EA71A443AE8}.Debug|Any CPU.Build.0 = Debug|Any CPU
		{29F02940-CAA3-4DF1-9DA2-7EA71A443AE8}.Release|Any CPU.ActiveCfg = Release|Any CPU
		{29F02940-CAA3-4DF1-9DA2-7EA71A443AE8}.Release|Any CPU.Build.0 = Release|Any CPU
		{7757F5B5-4980-4423-BF94-3994F03F2C9B}.Debug|Any CPU.ActiveCfg = Debug|Any CPU
		{7757F5B5-4980-4423-BF94-3994F03F2C9B}.Debug|Any CPU.Build.0 = Debug|Any CPU
		{7757F5B5-4980-4423-BF94-3994F03F2C9B}.Release|Any CPU.ActiveCfg = Release|Any CPU
		{7757F5B5-4980-4423-BF94-3994F03F2C9B}.Release|Any CPU.Build.0 = Release|Any CPU
		{647242A7-82DE-47C3-8004-892D4A0EBF16}.Debug|Any CPU.ActiveCfg = Debug|Any CPU
		{647242A7-82DE-47C3-8004-892D4A0EBF16}.Debug|Any CPU.Build.0 = Debug|Any CPU
		{647242A7-82DE-47C3-8004-892D4A0EBF16}.Release|Any CPU.ActiveCfg = Release|Any CPU
		{647242A7-82DE-47C3-8004-892D4A0EBF16}.Release|Any CPU.Build.0 = Release|Any CPU
		{8736397C-11D2-4486-8DDB-41138154305E}.Debug|Any CPU.ActiveCfg = Debug|Any CPU
		{8736397C-11D2-4486-8DDB-41138154305E}.Debug|Any CPU.Build.0 = Debug|Any CPU
		{8736397C-11D2-4486-8DDB-41138154305E}.Release|Any CPU.ActiveCfg = Release|Any CPU
		{8736397C-11D2-4486-8DDB-41138154305E}.Release|Any CPU.Build.0 = Release|Any CPU
	EndGlobalSection
	GlobalSection(SolutionProperties) = preSolution
		HideSolutionNode = FALSE
	EndGlobalSection
	GlobalSection(ExtensibilityGlobals) = postSolution
		SolutionGuid = {C9A0F90D-7758-4F0E-A3B4-084D94B49C60}
	EndGlobalSection
EndGlobal
